<?xml version="1.0" encoding="utf-8"?>
<Project ToolsVersion="4.0" xmlns="http://schemas.microsoft.com/developer/msbuild/2003">
  <ItemGroup>
    <Filter Include="Source Files">
      <UniqueIdentifier>{4FC737F1-C7A5-4376-A066-2A32D752A2FF}</UniqueIdentifier>
      <Extensions>cpp;c;cc;cxx;def;odl;idl;hpj;bat;asm;asmx</Extensions>
    </Filter>
    <Filter Include="Header Files">
      <UniqueIdentifier>{93995380-89BD-4b04-88EB-625FBE52EBFB}</UniqueIdentifier>
      <Extensions>h;hh;hpp;hxx;hm;inl;inc;xsd</Extensions>
    </Filter>
    <Filter Include="Resource Files">
      <UniqueIdentifier>{67DA6AB6-F800-4c08-8B7A-83BB121AAD01}</UniqueIdentifier>
      <Extensions>rc;ico;cur;bmp;dlg;rc2;rct;bin;rgs;gif;jpg;jpeg;jpe;resx;tiff;tif;png;wav</Extensions>
    </Filter>
  </ItemGroup>
  <ItemGroup>
    <ClInclude Include="controllers\unirobot\UniRobot.hpp">
      <Filter>Header Files</Filter>
    </ClInclude>
    <ClInclude Include="libraries\managers\include\RobotisOp2DirectoryManager.hpp">
      <Filter>Header Files</Filter>
    </ClInclude>
    <ClInclude Include="libraries\managers\include\RobotisOp2GaitManager.hpp">
      <Filter>Header Files</Filter>
    </ClInclude>
    <ClInclude Include="libraries\managers\include\RobotisOp2MotionManager.hpp">
      <Filter>Header Files</Filter>
    </ClInclude>
    <ClInclude Include="libraries\managers\include\RobotisOp2MotionTimerManager.hpp">
      <Filter>Header Files</Filter>
    </ClInclude>
    <ClInclude Include="libraries\managers\include\RobotisOp2VisionManager.hpp">
      <Filter>Header Files</Filter>
    </ClInclude>
    <ClInclude Include="libraries\robotis-op2\robotis\framework\include\Action.h">
      <Filter>Header Files</Filter>
    </ClInclude>
    <ClInclude Include="libraries\robotis-op2\robotis\framework\include\BallFollower.h">
      <Filter>Header Files</Filter>
    </ClInclude>
    <ClInclude Include="libraries\robotis-op2\robotis\framework\include\BallTracker.h">
      <Filter>Header Files</Filter>
    </ClInclude>
    <ClInclude Include="libraries\robotis-op2\robotis\framework\include\Camera.h">
      <Filter>Header Files</Filter>
    </ClInclude>
    <ClInclude Include="libraries\robotis-op2\robotis\framework\include\CM730.h">
      <Filter>Header Files</Filter>
    </ClInclude>
    <ClInclude Include="libraries\robotis-op2\robotis\framework\include\ColorFinder.h">
      <Filter>Header Files</Filter>
    </ClInclude>
    <ClInclude Include="libraries\robotis-op2\robotis\framework\include\DARwIn.h">
      <Filter>Header Files</Filter>
    </ClInclude>
    <ClInclude Include="libraries\robotis-op2\robotis\framework\include\FSR.h">
      <Filter>Header Files</Filter>
    </ClInclude>
    <ClInclude Include="libraries\robotis-op2\robotis\framework\include\Head.h">
      <Filter>Header Files</Filter>
    </ClInclude>
    <ClInclude Include="libraries\robotis-op2\robotis\framework\include\Image.h">
      <Filter>Header Files</Filter>
    </ClInclude>
    <ClInclude Include="libraries\robotis-op2\robotis\framework\include\ImgProcess.h">
      <Filter>Header Files</Filter>
    </ClInclude>
    <ClInclude Include="libraries\robotis-op2\robotis\framework\include\JointData.h">
      <Filter>Header Files</Filter>
    </ClInclude>
    <ClInclude Include="libraries\robotis-op2\robotis\framework\include\Kinematics.h">
      <Filter>Header Files</Filter>
    </ClInclude>
    <ClInclude Include="libraries\robotis-op2\robotis\framework\include\Matrix.h">
      <Filter>Header Files</Filter>
    </ClInclude>
    <ClInclude Include="libraries\robotis-op2\robotis\framework\include\minIni.h">
      <Filter>Header Files</Filter>
    </ClInclude>
    <ClInclude Include="libraries\robotis-op2\robotis\framework\include\MotionManager.h">
      <Filter>Header Files</Filter>
    </ClInclude>
    <ClInclude Include="libraries\robotis-op2\robotis\framework\include\MotionModule.h">
      <Filter>Header Files</Filter>
    </ClInclude>
    <ClInclude Include="libraries\robotis-op2\robotis\framework\include\MotionStatus.h">
      <Filter>Header Files</Filter>
    </ClInclude>
    <ClInclude Include="libraries\robotis-op2\robotis\framework\include\MX28.h">
      <Filter>Header Files</Filter>
    </ClInclude>
    <ClInclude Include="libraries\robotis-op2\robotis\framework\include\Plane.h">
      <Filter>Header Files</Filter>
    </ClInclude>
    <ClInclude Include="libraries\robotis-op2\robotis\framework\include\Point.h">
      <Filter>Header Files</Filter>
    </ClInclude>
    <ClInclude Include="libraries\robotis-op2\robotis\framework\include\Vector.h">
      <Filter>Header Files</Filter>
    </ClInclude>
    <ClInclude Include="libraries\robotis-op2\robotis\framework\include\Walking.h">
      <Filter>Header Files</Filter>
    </ClInclude>
    <ClInclude Include="libraries\robotis-op2\robotis\framework\src\minini\minGlue.h">
      <Filter>Header Files</Filter>
    </ClInclude>
    <ClInclude Include="libraries\robotis-op2\robotis\framework\src\minini\minIni.h">
      <Filter>Header Files</Filter>
    </ClInclude>
    <ClInclude Include="libraries\robotis-op2\robotis\framework\src\minini\wxMinIni.h">
      <Filter>Header Files</Filter>
    </ClInclude>
    <ClInclude Include="libraries\robotis-op2\robotis\linux\include\LinuxActionScript.h">
      <Filter>Header Files</Filter>
    </ClInclude>
    <ClInclude Include="libraries\robotis-op2\robotis\linux\include\LinuxCamera.h">
      <Filter>Header Files</Filter>
    </ClInclude>
    <ClInclude Include="libraries\robotis-op2\robotis\linux\include\LinuxCM730.h">
      <Filter>Header Files</Filter>
    </ClInclude>
    <ClInclude Include="libraries\robotis-op2\robotis\linux\include\LinuxDARwIn.h">
      <Filter>Header Files</Filter>
    </ClInclude>
    <ClInclude Include="libraries\robotis-op2\robotis\linux\include\LinuxMotionTimer.h">
      <Filter>Header Files</Filter>
    </ClInclude>
    <ClInclude Include="libraries\robotis-op2\robotis\linux\include\LinuxNetwork.h">
      <Filter>Header Files</Filter>
    </ClInclude>
    <ClInclude Include="libraries\robotis-op2\robotis\linux\include\mjpg_streamer.h">
      <Filter>Header Files</Filter>
    </ClInclude>
    <ClInclude Include="plugins\remote_controls\robotis-op2_tcpip\Camera.hpp">
      <Filter>Header Files</Filter>
    </ClInclude>
    <ClInclude Include="plugins\remote_controls\robotis-op2_tcpip\Communication.hpp">
      <Filter>Header Files</Filter>
    </ClInclude>
    <ClInclude Include="plugins\remote_controls\robotis-op2_tcpip\Device.hpp">
      <Filter>Header Files</Filter>
    </ClInclude>
    <ClInclude Include="plugins\remote_controls\robotis-op2_tcpip\DeviceManager.hpp">
      <Filter>Header Files</Filter>
    </ClInclude>
    <ClInclude Include="plugins\remote_controls\robotis-op2_tcpip\entry_points.hpp">
      <Filter>Header Files</Filter>
    </ClInclude>
    <ClInclude Include="plugins\remote_controls\robotis-op2_tcpip\Led.hpp">
      <Filter>Header Files</Filter>
    </ClInclude>
    <ClInclude Include="plugins\remote_controls\robotis-op2_tcpip\Motor.hpp">
      <Filter>Header Files</Filter>
    </ClInclude>
    <ClInclude Include="plugins\remote_controls\robotis-op2_tcpip\Packet.hpp">
      <Filter>Header Files</Filter>
    </ClInclude>
    <ClInclude Include="plugins\remote_controls\robotis-op2_tcpip\RobotisOp2InputPacket.hpp">
      <Filter>Header Files</Filter>
    </ClInclude>
    <ClInclude Include="plugins\remote_controls\robotis-op2_tcpip\RobotisOp2OutputPacket.hpp">
      <Filter>Header Files</Filter>
    </ClInclude>
    <ClInclude Include="plugins\remote_controls\robotis-op2_tcpip\Sensor.hpp">
      <Filter>Header Files</Filter>
    </ClInclude>
    <ClInclude Include="plugins\remote_controls\robotis-op2_tcpip\SingleValueSensor.hpp">
      <Filter>Header Files</Filter>
    </ClInclude>
    <ClInclude Include="plugins\remote_controls\robotis-op2_tcpip\Time.hpp">
      <Filter>Header Files</Filter>
    </ClInclude>
    <ClInclude Include="plugins\remote_controls\robotis-op2_tcpip\TripleValuesSensor.hpp">
      <Filter>Header Files</Filter>
    </ClInclude>
    <ClInclude Include="plugins\remote_controls\robotis-op2_tcpip\Wrapper.hpp">
      <Filter>Header Files</Filter>
    </ClInclude>
    <ClInclude Include="plugins\robot_windows\robotis-op2_window\common.hpp">
      <Filter>Header Files</Filter>
    </ClInclude>
    <ClInclude Include="plugins\robot_windows\robotis-op2_window\entry_points.hpp">
      <Filter>Header Files</Filter>
    </ClInclude>
    <ClInclude Include="plugins\robot_windows\robotis-op2_window\SSH.hpp">
      <Filter>Header Files</Filter>
    </ClInclude>
    <ClInclude Include="plugins\robot_windows\robotis-op2_window\TransferWidget.hpp">
      <Filter>Header Files</Filter>
    </ClInclude>
    <ClInclude Include="plugins\robot_windows\robotis-op2_window\Viewer.hpp">
      <Filter>Header Files</Filter>
    </ClInclude>
    <ClInclude Include="plugins\robot_windows\robotis-op2_window\ZIP.hpp">
      <Filter>Header Files</Filter>
    </ClInclude>
  </ItemGroup>
  <ItemGroup>
    <None Include="libraries\robotis-op2\robotis\data\motion_4096.bin">
      <Filter>Resource Files</Filter>
    </None>
  </ItemGroup>
  <ItemGroup>
    <ClCompile Include="controllers\unirobot\main.cpp">
      <Filter>Source Files</Filter>
    </ClCompile>
    <ClCompile Include="controllers\unirobot\UniRobot.cpp">
      <Filter>Source Files</Filter>
    </ClCompile>
  </ItemGroup>
</Project>